# THIS IS AN AUTOGENERATED FILE. DO NOT EDIT THIS FILE DIRECTLY.
# yarn lockfile v1


nan@^2.14.0:
  version "2.14.1"
  resolved "https://registry.yarnpkg.com/nan/-/nan-2.14.1.tgz#d7be34dfa3105b91494c3147089315eff8874b01"
  integrity sha512-isWHgVjnFjh2x2yuJ/tj3JbwoHu3UC2dX5G/88Cm24yB6YopVgxvBObDY7n5xW6ExmFhJpSEQqFPvq9zaXc8Jw==

oniguruma@^7.2.1:
  version "7.2.1"
  resolved "https://registry.yarnpkg.com/oniguruma/-/oniguruma-7.2.1.tgz#51775834f7819b6e31aa878706aa7f65ad16b07f"
  integrity sha512-WPS/e1uzhswPtJSe+Zls/kAj27+lEqZjCmRSjnYk/Z4L2Mu+lJC2JWtkZhPJe4kZeTQfz7ClcLyXlI4J68MG2w==
  dependencies:
    nan "^2.14.0"

vscode-textmate@^5.2.0:
  version "5.2.0"
  resolved "https://registry.yarnpkg.com/vscode-textmate/-/vscode-textmate-5.2.0.tgz#01f01760a391e8222fe4f33fbccbd1ad71aed74e"
  integrity sha512-Uw5ooOQxRASHgu6C7GVvUxisKXfSgW4oFlO+aa+PAkgmH89O3CXxEEzNRNtHSqtXFTl0nAC1uYj0GMSH27uwtQ==
